
Microsoft Visual Studio Solution File, Format Version 12.00
# Visual Studio Version 17
VisualStudioVersion = 17.12.35521.163 d17.12
MinimumVisualStudioVersion = 10.0.40219.1
Project("{FAE04EC0-301F-11D3-BF4B-00C04F79EFBC}") = "Task_For_Dms", "Task_For_Dms\Task_For_Dms.csproj", "{C28F7FDB-6476-4F59-80D2-E37877198CEE}"
EndProject
Global
	GlobalSection(SolutionConfigurationPlatforms) = preSolution
		Debug|Any CPU = Debug|Any CPU
		Release|Any CPU = Release|Any CPU
	EndGlobalSection
	GlobalSection(ProjectConfigurationPlatforms) = postSolution
		{C28F7FDB-6476-4F59-80D2-E37877198CEE}.Debug|Any CPU.ActiveCfg = Debug|Any CPU
		{C28F7FDB-6476-4F59-80D2-E37877198CEE}.Debug|Any CPU.Build.0 = Debug|Any CPU
		{C28F7FDB-6476-4F59-80D2-E37877198CEE}.Release|Any CPU.ActiveCfg = Release|Any CPU
		{C28F7FDB-6476-4F59-80D2-E37877198CEE}.Release|Any CPU.Build.0 = Release|Any CPU
	EndGlobalSection
	GlobalSection(SolutionProperties) = preSolution
		HideSolutionNode = FALSE
	EndGlobalSection
EndGlobal
